// !$*UTF8*$!
{
	archiveVersion = 1;
	classes = {
	};
	objectVersion = 77;
	objects = {

/* Begin PBXBuildFile section */
		38C618B52FB4EDCF00D2D755 /* SwiftyJSON in Frameworks */ = {isa = PBXBuildFile; productRef = 38C618B42FB4EDCF00D2D755 /* SwiftyJSON */; };
		38C618B82FB4EE1500D2D755 /* Alamofire in Frameworks */ = {isa = PBXBuildFile; productRef = 38C618B72FB4EE1500D2D755 /* Alamofire */; };
		38C618D72FB4F0A400D2D755 /* FirebaseAI in Frameworks */ = {isa = PBXBuildFile; productRef = 38C618D62FB4F0A400D2D755 /* FirebaseAI */; };
		38C618D92FB4F0A400D2D755 /* FirebaseAILogic in Frameworks */ = {isa = PBXBuildFile; productRef = 38C618D82FB4F0A400D2D755 /* FirebaseAILogic */; };
		38C618DB2FB4F0A400D2D755 /* FirebaseAnalytics in Frameworks */ = {isa = PBXBuildFile; productRef = 38C618DA2FB4F0A400D2D755 /* FirebaseAnalytics */; };
		38C618DD2FB4F0A400D2D755 /* FirebaseAnalyticsCore in Frameworks */ = {isa = PBXBuildFile; productRef = 38C618DC2FB4F0A400D2D755 /* FirebaseAnalyticsCore */; };
		38C618DF2FB4F0A400D2D755 /* FirebaseAnalyticsIdentitySupport in Frameworks */ = {isa = PBXBuildFile; productRef = 38C618DE2FB4F0A400D2D755 /* FirebaseAnalyticsIdentitySupport */; };
		38C618E12FB4F0A400D2D755 /* FirebaseAppCheck in Frameworks */ = {isa = PBXBuildFile; productRef = 38C618E02FB4F0A400D2D755 /* FirebaseAppCheck */; };
		38C618E32FB4F0A400D2D755 /* FirebaseAppDistribution-Beta in Frameworks */ = {isa = PBXBuildFile; productRef = 38C618E22FB4F0A400D2D755 /* FirebaseAppDistribution-Beta */; };
		38C618E52FB4F0A400D2D755 /* FirebaseAuth in Frameworks */ = {isa = PBXBuildFile; productRef = 38C618E42FB4F0A400D2D755 /* FirebaseAuth */; };
		38C618E72FB4F0A400D2D755 /* FirebaseAuthCombine-Community in Frameworks */ = {isa = PBXBuildFile; productRef = 38C618E62FB4F0A400D2D755 /* FirebaseAuthCombine-Community */; };
		38C618E92FB4F0A400D2D755 /* FirebaseCore in Frameworks */ = {isa = PBXBuildFile; productRef = 38C618E82FB4F0A400D2D755 /* FirebaseCore */; };
		38C618EB2FB4F0A400D2D755 /* FirebaseCrashlytics in Frameworks */ = {isa = PBXBuildFile; productRef = 38C618EA2FB4F0A400D2D755 /* FirebaseCrashlytics */; };
		38C618ED2FB4F0A400D2D755 /* FirebaseDatabase in Frameworks */ = {isa = PBXBuildFile; productRef = 38C618EC2FB4F0A400D2D755 /* FirebaseDatabase */; };
		38C618EF2FB4F0A400D2D755 /* FirebaseFirestore in Frameworks */ = {isa = PBXBuildFile; productRef = 38C618EE2FB4F0A400D2D755 /* FirebaseFirestore */; };
		38C618F12FB4F0A400D2D755 /* FirebaseFirestoreCombine-Community in Frameworks */ = {isa = PBXBuildFile; productRef = 38C618F02FB4F0A400D2D755 /* FirebaseFirestoreCombine-Community */; };
		38C618F32FB4F0A400D2D755 /* FirebaseFunctions in Frameworks */ = {isa = PBXBuildFile; productRef = 38C618F22FB4F0A400D2D755 /* FirebaseFunctions */; };
		38C618F52FB4F0A400D2D755 /* FirebaseFunctionsCombine-Community in Frameworks */ = {isa = PBXBuildFile; productRef = 38C618F42FB4F0A400D2D755 /* FirebaseFunctionsCombine-Community */; };
		38C618F72FB4F0A400D2D755 /* FirebaseInAppMessaging-Beta in Frameworks */ = {isa = PBXBuildFile; productRef = 38C618F62FB4F0A400D2D755 /* FirebaseInAppMessaging-Beta */; };
		38C618F92FB4F0A400D2D755 /* FirebaseInstallations in Frameworks */ = {isa = PBXBuildFile; productRef = 38C618F82FB4F0A400D2D755 /* FirebaseInstallations */; };
		38C618FB2FB4F0A400D2D755 /* FirebaseMLModelDownloader in Frameworks */ = {isa = PBXBuildFile; productRef = 38C618FA2FB4F0A400D2D755 /* FirebaseMLModelDownloader */; };
		38C618FD2FB4F0A400D2D755 /* FirebaseMessaging in Frameworks */ = {isa = PBXBuildFile; productRef = 38C618FC2FB4F0A400D2D755 /* FirebaseMessaging */; };
		38C618FF2FB4F0A400D2D755 /* FirebasePerformance in Frameworks */ = {isa = PBXBuildFile; productRef = 38C618FE2FB4F0A400D2D755 /* FirebasePerformance */; };
		38C619012FB4F0A400D2D755 /* FirebaseRemoteConfig in Frameworks */ = {isa = PBXBuildFile; productRef = 38C619002FB4F0A400D2D755 /* FirebaseRemoteConfig */; };
		38C619032FB4F0A400D2D755 /* FirebaseStorage in Frameworks */ = {isa = PBXBuildFile; productRef = 38C619022FB4F0A400D2D755 /* FirebaseStorage */; };
		38C619052FB4F0A400D2D755 /* FirebaseStorageCombine-Community in Frameworks */ = {isa = PBXBuildFile; productRef = 38C619042FB4F0A400D2D755 /* FirebaseStorageCombine-Community */; };
		38C619102FB4E80000D2D755 /* RentRediUI in Frameworks */ = {isa = PBXBuildFile; productRef = 38C619122FB4E80000D2D755 /* RentRediUI */; };
/* End PBXBuildFile section */

/* Begin PBXFileReference section */
		38C617E72FB4E57700D2D755 /* RentRedi-Demo.app */ = {isa = PBXFileReference; explicitFileType = wrapper.application; includeInIndex = 0; path = "RentRedi-Demo.app"; sourceTree = BUILT_PRODUCTS_DIR; };
/* End PBXFileReference section */

/* Begin PBXFileSystemSynchronizedBuildFileExceptionSet section */
		38C618282FB4E5AC00D2D755 /* Exceptions for "RentRedi-Demo" folder in "RentRedi-Demo" target */ = {
			isa = PBXFileSystemSynchronizedBuildFileExceptionSet;
			membershipExceptions = (
				Resources/Info.plist,
			);
			target = 38C617E62FB4E57700D2D755 /* RentRedi-Demo */;
		};
/* End PBXFileSystemSynchronizedBuildFileExceptionSet section */

/* Begin PBXFileSystemSynchronizedRootGroup section */
		38C6181F2FB4E5AB00D2D755 /* RentRedi-Demo */ = {
			isa = PBXFileSystemSynchronizedRootGroup;
			exceptions = (
				38C618282FB4E5AC00D2D755 /* Exceptions for "RentRedi-Demo" folder in "RentRedi-Demo" target */,
			);
			path = "RentRedi-Demo";
			sourceTree = "<group>";
		};
/* End PBXFileSystemSynchronizedRootGroup section */

/* Begin PBXFrameworksBuildPhase section */
		38C617E42FB4E57700D2D755 /* Frameworks */ = {
			isa = PBXFrameworksBuildPhase;
			buildActionMask = 2147483647;
			files = (
				38C618FD2FB4F0A400D2D755 /* FirebaseMessaging in Frameworks */,
				38C618DB2FB4F0A400D2D755 /* FirebaseAnalytics in Frameworks */,
				38C618D92FB4F0A400D2D755 /* FirebaseAILogic in Frameworks */,
				38C618DF2FB4F0A400D2D755 /* FirebaseAnalyticsIdentitySupport in Frameworks */,
				38C618F52FB4F0A400D2D755 /* FirebaseFunctionsCombine-Community in Frameworks */,
				38C618F12FB4F0A400D2D755 /* FirebaseFirestoreCombine-Community in Frameworks */,
				38C618D72FB4F0A400D2D755 /* FirebaseAI in Frameworks */,
				38C618EF2FB4F0A400D2D755 /* FirebaseFirestore in Frameworks */,
				38C618E92FB4F0A400D2D755 /* FirebaseCore in Frameworks */,
				38C618F72FB4F0A400D2D755 /* FirebaseInAppMessaging-Beta in Frameworks */,
				38C618FB2FB4F0A400D2D755 /* FirebaseMLModelDownloader in Frameworks */,
				38C618E72FB4F0A400D2D755 /* FirebaseAuthCombine-Community in Frameworks */,
				38C618ED2FB4F0A400D2D755 /* FirebaseDatabase in Frameworks */,
				38C618F92FB4F0A400D2D755 /* FirebaseInstallations in Frameworks */,
				38C618B82FB4EE1500D2D755 /* Alamofire in Frameworks */,
				38C618F32FB4F0A400D2D755 /* FirebaseFunctions in Frameworks */,
				38C618FF2FB4F0A400D2D755 /* FirebasePerformance in Frameworks */,
				38C618B52FB4EDCF00D2D755 /* SwiftyJSON in Frameworks */,
				38C618E52FB4F0A400D2D755 /* FirebaseAuth in Frameworks */,
				38C619032FB4F0A400D2D755 /* FirebaseStorage in Frameworks */,
				38C619102FB4E80000D2D755 /* RentRediUI in Frameworks */,
				38C619052FB4F0A400D2D755 /* FirebaseStorageCombine-Community in Frameworks */,
				38C618E12FB4F0A400D2D755 /* FirebaseAppCheck in Frameworks */,
				38C618EB2FB4F0A400D2D755 /* FirebaseCrashlytics in Frameworks */,
				38C619012FB4F0A400D2D755 /* FirebaseRemoteConfig in Frameworks */,
				38C618E32FB4F0A400D2D755 /* FirebaseAppDistribution-Beta in Frameworks */,
				38C618DD2FB4F0A400D2D755 /* FirebaseAnalyticsCore in Frameworks */,
			);
			runOnlyForDeploymentPostprocessing = 0;
		};
/* End PBXFrameworksBuildPhase section */

/* Begin PBXGroup section */
		38C617DE2FB4E57700D2D755 = {
			isa = PBXGroup;
			children = (
				38C6181F2FB4E5AB00D2D755 /* RentRedi-Demo */,
				38C617E82FB4E57700D2D755 /* Products */,
			);
			sourceTree = "<group>";
		};
		38C617E82FB4E57700D2D755 /* Products */ = {
			isa = PBXGroup;
			children = (
				38C617E72FB4E57700D2D755 /* RentRedi-Demo.app */,
			);
			name = Products;
			sourceTree = "<group>";
		};
/* End PBXGroup section */

/* Begin PBXNativeTarget section */
		38C617E62FB4E57700D2D755 /* RentRedi-Demo */ = {
			isa = PBXNativeTarget;
			buildConfigurationList = 38C617FA2FB4E57800D2D755 /* Build configuration list for PBXNativeTarget "RentRedi-Demo" */;
			buildPhases = (
				38C617E32FB4E57700D2D755 /* Sources */,
				38C617E42FB4E57700D2D755 /* Frameworks */,
				38C617E52FB4E57700D2D755 /* Resources */,
			);
			buildRules = (
			);
			dependencies = (
			);
			fileSystemSynchronizedGroups = (
				38C6181F2FB4E5AB00D2D755 /* RentRedi-Demo */,
			);
			name = "RentRedi-Demo";
			packageProductDependencies = (
				38C619122FB4E80000D2D755 /* RentRediUI */,
				38C618B42FB4EDCF00D2D755 /* SwiftyJSON */,
				38C618B72FB4EE1500D2D755 /* Alamofire */,
				38C618D62FB4F0A400D2D755 /* FirebaseAI */,
				38C618D82FB4F0A400D2D755 /* FirebaseAILogic */,
				38C618DA2FB4F0A400D2D755 /* FirebaseAnalytics */,
				38C618DC2FB4F0A400D2D755 /* FirebaseAnalyticsCore */,
				38C618DE2FB4F0A400D2D755 /* FirebaseAnalyticsIdentitySupport */,
				38C618E02FB4F0A400D2D755 /* FirebaseAppCheck */,
				38C618E22FB4F0A400D2D755 /* FirebaseAppDistribution-Beta */,
				38C618E42FB4F0A400D2D755 /* FirebaseAuth */,
				38C618E62FB4F0A400D2D755 /* FirebaseAuthCombine-Community */,
				38C618E82FB4F0A400D2D755 /* FirebaseCore */,
				38C618EA2FB4F0A400D2D755 /* FirebaseCrashlytics */,
				38C618EC2FB4F0A400D2D755 /* FirebaseDatabase */,
				38C618EE2FB4F0A400D2D755 /* FirebaseFirestore */,
				38C618F02FB4F0A400D2D755 /* FirebaseFirestoreCombine-Community */,
				38C618F22FB4F0A400D2D755 /* FirebaseFunctions */,
				38C618F42FB4F0A400D2D755 /* FirebaseFunctionsCombine-Community */,
				38C618F62FB4F0A400D2D755 /* FirebaseInAppMessaging-Beta */,
				38C618F82FB4F0A400D2D755 /* FirebaseInstallations */,
				38C618FA2FB4F0A400D2D755 /* FirebaseMLModelDownloader */,
				38C618FC2FB4F0A400D2D755 /* FirebaseMessaging */,
				38C618FE2FB4F0A400D2D755 /* FirebasePerformance */,
				38C619002FB4F0A400D2D755 /* FirebaseRemoteConfig */,
				38C619022FB4F0A400D2D755 /* FirebaseStorage */,
				38C619042FB4F0A400D2D755 /* FirebaseStorageCombine-Community */,
			);
			productName = "RentRedi-Demo";
			productReference = 38C617E72FB4E57700D2D755 /* RentRedi-Demo.app */;
			productType = "com.apple.product-type.application";
		};
/* End PBXNativeTarget section */

/* Begin PBXProject section */
		38C617DF2FB4E57700D2D755 /* Project object */ = {
			isa = PBXProject;
			attributes = {
				BuildIndependentTargetsInParallel = 1;
				LastSwiftUpdateCheck = 2640;
				LastUpgradeCheck = 2640;
				TargetAttributes = {
					38C617E62FB4E57700D2D755 = {
						CreatedOnToolsVersion = 26.4.1;
					};
				};
			};
			buildConfigurationList = 38C617E22FB4E57700D2D755 /* Build configuration list for PBXProject "RentRedi-Demo" */;
			developmentRegion = en;
			hasScannedForEncodings = 0;
			knownRegions = (
				en,
				Base,
			);
			mainGroup = 38C617DE2FB4E57700D2D755;
			minimizedProjectReferenceProxies = 1;
			packageReferences = (
				38C619112FB4E80000D2D755 /* XCLocalSwiftPackageReference "../RentRediUI" */,
				38C618B32FB4EDCF00D2D755 /* XCRemoteSwiftPackageReference "SwiftyJSON" */,
				38C618B62FB4EE1500D2D755 /* XCRemoteSwiftPackageReference "AlamoFire" */,
				38C618D52FB4F0A400D2D755 /* XCRemoteSwiftPackageReference "firebase-ios-sdk" */,
			);
			preferredProjectObjectVersion = 77;
			productRefGroup = 38C617E82FB4E57700D2D755 /* Products */;
			projectDirPath = "";
			projectRoot = "";
			targets = (
				38C617E62FB4E57700D2D755 /* RentRedi-Demo */,
			);
		};
/* End PBXProject section */

/* Begin PBXResourcesBuildPhase section */
		38C617E52FB4E57700D2D755 /* Resources */ = {
			isa = PBXResourcesBuildPhase;
			buildActionMask = 2147483647;
			files = (
			);
			runOnlyForDeploymentPostprocessing = 0;
		};
/* End PBXResourcesBuildPhase section */

/* Begin PBXSourcesBuildPhase section */
		38C617E32FB4E57700D2D755 /* Sources */ = {
			isa = PBXSourcesBuildPhase;
			buildActionMask = 2147483647;
			files = (
			);
			runOnlyForDeploymentPostprocessing = 0;
		};
/* End PBXSourcesBuildPhase section */

/* Begin XCBuildConfiguration section */
		38C617FB2FB4E57800D2D755 /* Debug */ = {
			isa = XCBuildConfiguration;
			buildSettings = {
				ASSETCATALOG_COMPILER_APPICON_NAME = AppIcon;
				ASSETCATALOG_COMPILER_GLOBAL_ACCENT_COLOR_NAME = AccentColor;
				CODE_SIGN_STYLE = Automatic;
				CURRENT_PROJECT_VERSION = 1;
				DEVELOPMENT_TEAM = UVMLA89222;
				GENERATE_INFOPLIST_FILE = YES;
				INFOPLIST_FILE = "RentRedi-Demo/Resources/Info.plist";
				INFOPLIST_KEY_UIApplicationSupportsIndirectInputEvents = YES;
				INFOPLIST_KEY_UILaunchStoryboardName = LaunchScreen;
				INFOPLIST_KEY_UIMainStoryboardFile = Main;
				INFOPLIST_KEY_UISupportedInterfaceOrientations_iPad = "UIInterfaceOrientationPortrait UIInterfaceOrientationPortraitUpsideDown UIInterfaceOrientationLandscapeLeft UIInterfaceOrientationLandscapeRight";
				INFOPLIST_KEY_UISupportedInterfaceOrientations_iPhone = "UIInterfaceOrientationPortrait UIInterfaceOrientationLandscapeLeft UIInterfaceOrientationLandscapeRight";
				LD_RUNPATH_SEARCH_PATHS = (
					"$(inherited)",
					"@executable_path/Frameworks",
				);
				MARKETING_VERSION = 1.0;
				PRODUCT_BUNDLE_IDENTIFIER = "com.rentredi.carousel.RentRedi-Demo";
				PRODUCT_NAME = "$(TARGET_NAME)";
				STRING_CATALOG_GENERATE_SYMBOLS = YES;
				SWIFT_APPROACHABLE_CONCURRENCY = YES;
				SWIFT_DEFAULT_ACTOR_ISOLATION = MainActor;
				SWIFT_EMIT_LOC_STRINGS = YES;
				SWIFT_UPCOMING_FEATURE_MEMBER_IMPORT_VISIBILITY = YES;
				SWIFT_VERSION = 5.0;
				TARGETED_DEVICE_FAMILY = "1,2";
			};
			name = Debug;
		};
		38C617FC2FB4E57800D2D755 /* Release */ = {
			isa = XCBuildConfiguration;
			buildSettings = {
				ASSETCATALOG_COMPILER_APPICON_NAME = AppIcon;
				ASSETCATALOG_COMPILER_GLOBAL_ACCENT_COLOR_NAME = AccentColor;
				CODE_SIGN_STYLE = Automatic;
				CURRENT_PROJECT_VERSION = 1;
				DEVELOPMENT_TEAM = UVMLA89222;
				GENERATE_INFOPLIST_FILE = YES;
				INFOPLIST_FILE = "RentRedi-Demo/Resources/Info.plist";
				INFOPLIST_KEY_UIApplicationSupportsIndirectInputEvents = YES;
				INFOPLIST_KEY_UILaunchStoryboardName = LaunchScreen;
				INFOPLIST_KEY_UIMainStoryboardFile = Main;
				INFOPLIST_KEY_UISupportedInterfaceOrientations_iPad = "UIInterfaceOrientationPortrait UIInterfaceOrientationPortraitUpsideDown UIInterfaceOrientationLandscapeLeft UIInterfaceOrientationLandscapeRight";
				INFOPLIST_KEY_UISupportedInterfaceOrientations_iPhone = "UIInterfaceOrientationPortrait UIInterfaceOrientationLandscapeLeft UIInterfaceOrientationLandscapeRight";
				LD_RUNPATH_SEARCH_PATHS = (
					"$(inherited)",
					"@executable_path/Frameworks",
				);
				MARKETING_VERSION = 1.0;
				PRODUCT_BUNDLE_IDENTIFIER = "com.rentredi.carousel.RentRedi-Demo";
				PRODUCT_NAME = "$(TARGET_NAME)";
				STRING_CATALOG_GENERATE_SYMBOLS = YES;
				SWIFT_APPROACHABLE_CONCURRENCY = YES;
				SWIFT_DEFAULT_ACTOR_ISOLATION = MainActor;
				SWIFT_EMIT_LOC_STRINGS = YES;
				SWIFT_UPCOMING_FEATURE_MEMBER_IMPORT_VISIBILITY = YES;
				SWIFT_VERSION = 5.0;
				TARGETED_DEVICE_FAMILY = "1,2";
			};
			name = Release;
		};
		38C617FD2FB4E57800D2D755 /* Debug */ = {
			isa = XCBuildConfiguration;
			buildSettings = {
				ALWAYS_SEARCH_USER_PATHS = NO;
				ASSETCATALOG_COMPILER_GENERATE_SWIFT_ASSET_SYMBOL_EXTENSIONS = YES;
				CLANG_ANALYZER_NONNULL = YES;
				CLANG_ANALYZER_NUMBER_OBJECT_CONVERSION = YES_AGGRESSIVE;
				CLANG_CXX_LANGUAGE_STANDARD = "gnu++20";
				CLANG_ENABLE_MODULES = YES;
				CLANG_ENABLE_OBJC_ARC = YES;
				CLANG_ENABLE_OBJC_WEAK = YES;
				CLANG_WARN_BLOCK_CAPTURE_AUTORELEASING = YES;
				CLANG_WARN_BOOL_CONVERSION = YES;
				CLANG_WARN_COMMA = YES;
				CLANG_WARN_CONSTANT_CONVERSION = YES;
				CLANG_WARN_DEPRECATED_OBJC_IMPLEMENTATIONS = YES;
				CLANG_WARN_DIRECT_OBJC_ISA_USAGE = YES_ERROR;
				CLANG_WARN_DOCUMENTATION_COMMENTS = YES;
				CLANG_WARN_EMPTY_BODY = YES;
				CLANG_WARN_ENUM_CONVERSION = YES;
				CLANG_WARN_INFINITE_RECURSION = YES;
				CLANG_WARN_INT_CONVERSION = YES;
				CLANG_WARN_NON_LITERAL_NULL_CONVERSION = YES;
				CLANG_WARN_OBJC_IMPLICIT_RETAIN_SELF = YES;
				CLANG_WARN_OBJC_LITERAL_CONVERSION = YES;
				CLANG_WARN_OBJC_ROOT_CLASS = YES_ERROR;
				CLANG_WARN_QUOTED_INCLUDE_IN_FRAMEWORK_HEADER = YES;
				CLANG_WARN_RANGE_LOOP_ANALYSIS = YES;
				CLANG_WARN_STRICT_PROTOTYPES = YES;
				CLANG_WARN_SUSPICIOUS_MOVE = YES;
				CLANG_WARN_UNGUARDED_AVAILABILITY = YES_AGGRESSIVE;
				CLANG_WARN_UNREACHABLE_CODE = YES;
				CLANG_WARN__DUPLICATE_METHOD_MATCH = YES;
				COPY_PHASE_STRIP = NO;
				DEBUG_INFORMATION_FORMAT = dwarf;
				DEVELOPMENT_TEAM = UVMLA89222;
				ENABLE_STRICT_OBJC_MSGSEND = YES;
				ENABLE_TESTABILITY = YES;
				ENABLE_USER_SCRIPT_SANDBOXING = YES;
				GCC_C_LANGUAGE_STANDARD = gnu17;
				GCC_DYNAMIC_NO_PIC = NO;
				GCC_NO_COMMON_BLOCKS = YES;
				GCC_OPTIMIZATION_LEVEL = 0;
				GCC_PREPROCESSOR_DEFINITIONS = (
					"DEBUG=1",
					"$(inherited)",
				);
				GCC_WARN_64_TO_32_BIT_CONVERSION = YES;
				GCC_WARN_ABOUT_RETURN_TYPE = YES_ERROR;
				GCC_WARN_UNDECLARED_SELECTOR = YES;
				GCC_WARN_UNINITIALIZED_AUTOS = YES_AGGRESSIVE;
				GCC_WARN_UNUSED_FUNCTION = YES;
				GCC_WARN_UNUSED_VARIABLE = YES;
				IPHONEOS_DEPLOYMENT_TARGET = 26.4;
				LOCALIZATION_PREFERS_STRING_CATALOGS = YES;
				MTL_ENABLE_DEBUG_INFO = INCLUDE_SOURCE;
				MTL_FAST_MATH = YES;
				ONLY_ACTIVE_ARCH = YES;
				SDKROOT = iphoneos;
				SWIFT_ACTIVE_COMPILATION_CONDITIONS = "DEBUG $(inherited)";
				SWIFT_OPTIMIZATION_LEVEL = "-Onone";
			};
			name = Debug;
		};
		38C617FE2FB4E57800D2D755 /* Release */ = {
			isa = XCBuildConfiguration;
			buildSettings = {
				ALWAYS_SEARCH_USER_PATHS = NO;
				ASSETCATALOG_COMPILER_GENERATE_SWIFT_ASSET_SYMBOL_EXTENSIONS = YES;
				CLANG_ANALYZER_NONNULL = YES;
				CLANG_ANALYZER_NUMBER_OBJECT_CONVERSION = YES_AGGRESSIVE;
				CLANG_CXX_LANGUAGE_STANDARD = "gnu++20";
				CLANG_ENABLE_MODULES = YES;
				CLANG_ENABLE_OBJC_ARC = YES;
				CLANG_ENABLE_OBJC_WEAK = YES;
				CLANG_WARN_BLOCK_CAPTURE_AUTORELEASING = YES;
				CLANG_WARN_BOOL_CONVERSION = YES;
				CLANG_WARN_COMMA = YES;
				CLANG_WARN_CONSTANT_CONVERSION = YES;
				CLANG_WARN_DEPRECATED_OBJC_IMPLEMENTATIONS = YES;
				CLANG_WARN_DIRECT_OBJC_ISA_USAGE = YES_ERROR;
				CLANG_WARN_DOCUMENTATION_COMMENTS = YES;
				CLANG_WARN_EMPTY_BODY = YES;
				CLANG_WARN_ENUM_CONVERSION = YES;
				CLANG_WARN_INFINITE_RECURSION = YES;
				CLANG_WARN_INT_CONVERSION = YES;
				CLANG_WARN_NON_LITERAL_NULL_CONVERSION = YES;
				CLANG_WARN_OBJC_IMPLICIT_RETAIN_SELF = YES;
				CLANG_WARN_OBJC_LITERAL_CONVERSION = YES;
				CLANG_WARN_OBJC_ROOT_CLASS = YES_ERROR;
				CLANG_WARN_QUOTED_INCLUDE_IN_FRAMEWORK_HEADER = YES;
				CLANG_WARN_RANGE_LOOP_ANALYSIS = YES;
				CLANG_WARN_STRICT_PROTOTYPES = YES;
				CLANG_WARN_SUSPICIOUS_MOVE = YES;
				CLANG_WARN_UNGUARDED_AVAILABILITY = YES_AGGRESSIVE;
				CLANG_WARN_UNREACHABLE_CODE = YES;
				CLANG_WARN__DUPLICATE_METHOD_MATCH = YES;
				COPY_PHASE_STRIP = NO;
				DEBUG_INFORMATION_FORMAT = "dwarf-with-dsym";
				DEVELOPMENT_TEAM = UVMLA89222;
				ENABLE_NS_ASSERTIONS = NO;
				ENABLE_STRICT_OBJC_MSGSEND = YES;
				ENABLE_USER_SCRIPT_SANDBOXING = YES;
				GCC_C_LANGUAGE_STANDARD = gnu17;
				GCC_NO_COMMON_BLOCKS = YES;
				GCC_WARN_64_TO_32_BIT_CONVERSION = YES;
				GCC_WARN_ABOUT_RETURN_TYPE = YES_ERROR;
				GCC_WARN_UNDECLARED_SELECTOR = YES;
				GCC_WARN_UNINITIALIZED_AUTOS = YES_AGGRESSIVE;
				GCC_WARN_UNUSED_FUNCTION = YES;
				GCC_WARN_UNUSED_VARIABLE = YES;
				IPHONEOS_DEPLOYMENT_TARGET = 26.4;
				LOCALIZATION_PREFERS_STRING_CATALOGS = YES;
				MTL_ENABLE_DEBUG_INFO = NO;
				MTL_FAST_MATH = YES;
				SDKROOT = iphoneos;
				SWIFT_COMPILATION_MODE = wholemodule;
				VALIDATE_PRODUCT = YES;
			};
			name = Release;
		};
/* End XCBuildConfiguration section */

/* Begin XCConfigurationList section */
		38C617E22FB4E57700D2D755 /* Build configuration list for PBXProject "RentRedi-Demo" */ = {
			isa = XCConfigurationList;
			buildConfigurations = (
				38C617FD2FB4E57800D2D755 /* Debug */,
				38C617FE2FB4E57800D2D755 /* Release */,
			);
			defaultConfigurationIsVisible = 0;
			defaultConfigurationName = Release;
		};
		38C617FA2FB4E57800D2D755 /* Build configuration list for PBXNativeTarget "RentRedi-Demo" */ = {
			isa = XCConfigurationList;
			buildConfigurations = (
				38C617FB2FB4E57800D2D755 /* Debug */,
				38C617FC2FB4E57800D2D755 /* Release */,
			);
			defaultConfigurationIsVisible = 0;
			defaultConfigurationName = Release;
		};
/* End XCConfigurationList section */

/* Begin XCLocalSwiftPackageReference section */
		38C619112FB4E80000D2D755 /* XCLocalSwiftPackageReference "../RentRediUI" */ = {
			isa = XCLocalSwiftPackageReference;
			relativePath = ../RentRediUI;
		};
/* End XCLocalSwiftPackageReference section */

/* Begin XCRemoteSwiftPackageReference section */
		38C618B32FB4EDCF00D2D755 /* XCRemoteSwiftPackageReference "SwiftyJSON" */ = {
			isa = XCRemoteSwiftPackageReference;
			repositoryURL = "https://github.com/SwiftyJSON/SwiftyJSON.git";
			requirement = {
				kind = upToNextMajorVersion;
				minimumVersion = 5.0.2;
			};
		};
		38C618B62FB4EE1500D2D755 /* XCRemoteSwiftPackageReference "AlamoFire" */ = {
			isa = XCRemoteSwiftPackageReference;
			repositoryURL = "https://github.com/Alamofire/AlamoFire";
			requirement = {
				kind = upToNextMajorVersion;
				minimumVersion = 5.12.0;
			};
		};
		38C618D52FB4F0A400D2D755 /* XCRemoteSwiftPackageReference "firebase-ios-sdk" */ = {
			isa = XCRemoteSwiftPackageReference;
			repositoryURL = "https://github.com/firebase/firebase-ios-sdk.git";
			requirement = {
				kind = upToNextMajorVersion;
				minimumVersion = 12.13.0;
			};
		};
/* End XCRemoteSwiftPackageReference section */

/* Begin XCSwiftPackageProductDependency section */
		38C618B42FB4EDCF00D2D755 /* SwiftyJSON */ = {
			isa = XCSwiftPackageProductDependency;
			package = 38C618B32FB4EDCF00D2D755 /* XCRemoteSwiftPackageReference "SwiftyJSON" */;
			productName = SwiftyJSON;
		};
		38C618B72FB4EE1500D2D755 /* Alamofire */ = {
			isa = XCSwiftPackageProductDependency;
			package = 38C618B62FB4EE1500D2D755 /* XCRemoteSwiftPackageReference "AlamoFire" */;
			productName = Alamofire;
		};
		38C618D62FB4F0A400D2D755 /* FirebaseAI */ = {
			isa = XCSwiftPackageProductDependency;
			package = 38C618D52FB4F0A400D2D755 /* XCRemoteSwiftPackageReference "firebase-ios-sdk" */;
			productName = FirebaseAI;
		};
		38C618D82FB4F0A400D2D755 /* FirebaseAILogic */ = {
			isa = XCSwiftPackageProductDependency;
			package = 38C618D52FB4F0A400D2D755 /* XCRemoteSwiftPackageReference "firebase-ios-sdk" */;
			productName = FirebaseAILogic;
		};
		38C618DA2FB4F0A400D2D755 /* FirebaseAnalytics */ = {
			isa = XCSwiftPackageProductDependency;
			package = 38C618D52FB4F0A400D2D755 /* XCRemoteSwiftPackageReference "firebase-ios-sdk" */;
			productName = FirebaseAnalytics;
		};
		38C618DC2FB4F0A400D2D755 /* FirebaseAnalyticsCore */ = {
			isa = XCSwiftPackageProductDependency;
			package = 38C618D52FB4F0A400D2D755 /* XCRemoteSwiftPackageReference "firebase-ios-sdk" */;
			productName = FirebaseAnalyticsCore;
		};
		38C618DE2FB4F0A400D2D755 /* FirebaseAnalyticsIdentitySupport */ = {
			isa = XCSwiftPackageProductDependency;
			package = 38C618D52FB4F0A400D2D755 /* XCRemoteSwiftPackageReference "firebase-ios-sdk" */;
			productName = FirebaseAnalyticsIdentitySupport;
		};
		38C618E02FB4F0A400D2D755 /* FirebaseAppCheck */ = {
			isa = XCSwiftPackageProductDependency;
			package = 38C618D52FB4F0A400D2D755 /* XCRemoteSwiftPackageReference "firebase-ios-sdk" */;
			productName = FirebaseAppCheck;
		};
		38C618E22FB4F0A400D2D755 /* FirebaseAppDistribution-Beta */ = {
			isa = XCSwiftPackageProductDependency;
			package = 38C618D52FB4F0A400D2D755 /* XCRemoteSwiftPackageReference "firebase-ios-sdk" */;
			productName = "FirebaseAppDistribution-Beta";
		};
		38C618E42FB4F0A400D2D755 /* FirebaseAuth */ = {
			isa = XCSwiftPackageProductDependency;
			package = 38C618D52FB4F0A400D2D755 /* XCRemoteSwiftPackageReference "firebase-ios-sdk" */;
			productName = FirebaseAuth;
		};
		38C618E62FB4F0A400D2D755 /* FirebaseAuthCombine-Community */ = {
			isa = XCSwiftPackageProductDependency;
			package = 38C618D52FB4F0A400D2D755 /* XCRemoteSwiftPackageReference "firebase-ios-sdk" */;
			productName = "FirebaseAuthCombine-Community";
		};
		38C618E82FB4F0A400D2D755 /* FirebaseCore */ = {
			isa = XCSwiftPackageProductDependency;
			package = 38C618D52FB4F0A400D2D755 /* XCRemoteSwiftPackageReference "firebase-ios-sdk" */;
			productName = FirebaseCore;
		};
		38C618EA2FB4F0A400D2D755 /* FirebaseCrashlytics */ = {
			isa = XCSwiftPackageProductDependency;
			package = 38C618D52FB4F0A400D2D755 /* XCRemoteSwiftPackageReference "firebase-ios-sdk" */;
			productName = FirebaseCrashlytics;
		};
		38C618EC2FB4F0A400D2D755 /* FirebaseDatabase */ = {
			isa = XCSwiftPackageProductDependency;
			package = 38C618D52FB4F0A400D2D755 /* XCRemoteSwiftPackageReference "firebase-ios-sdk" */;
			productName = FirebaseDatabase;
		};
		38C618EE2FB4F0A400D2D755 /* FirebaseFirestore */ = {
			isa = XCSwiftPackageProductDependency;
			package = 38C618D52FB4F0A400D2D755 /* XCRemoteSwiftPackageReference "firebase-ios-sdk" */;
			productName = FirebaseFirestore;
		};
		38C618F02FB4F0A400D2D755 /* FirebaseFirestoreCombine-Community */ = {
			isa = XCSwiftPackageProductDependency;
			package = 38C618D52FB4F0A400D2D755 /* XCRemoteSwiftPackageReference "firebase-ios-sdk" */;
			productName = "FirebaseFirestoreCombine-Community";
		};
		38C618F22FB4F0A400D2D755 /* FirebaseFunctions */ = {
			isa = XCSwiftPackageProductDependency;
			package = 38C618D52FB4F0A400D2D755 /* XCRemoteSwiftPackageReference "firebase-ios-sdk" */;
			productName = FirebaseFunctions;
		};
		38C618F42FB4F0A400D2D755 /* FirebaseFunctionsCombine-Community */ = {
			isa = XCSwiftPackageProductDependency;
			package = 38C618D52FB4F0A400D2D755 /* XCRemoteSwiftPackageReference "firebase-ios-sdk" */;
			productName = "FirebaseFunctionsCombine-Community";
		};
		38C618F62FB4F0A400D2D755 /* FirebaseInAppMessaging-Beta */ = {
			isa = XCSwiftPackageProductDependency;
			package = 38C618D52FB4F0A400D2D755 /* XCRemoteSwiftPackageReference "firebase-ios-sdk" */;
			productName = "FirebaseInAppMessaging-Beta";
		};
		38C618F82FB4F0A400D2D755 /* FirebaseInstallations */ = {
			isa = XCSwiftPackageProductDependency;
			package = 38C618D52FB4F0A400D2D755 /* XCRemoteSwiftPackageReference "firebase-ios-sdk" */;
			productName = FirebaseInstallations;
		};
		38C618FA2FB4F0A400D2D755 /* FirebaseMLModelDownloader */ = {
			isa = XCSwiftPackageProductDependency;
			package = 38C618D52FB4F0A400D2D755 /* XCRemoteSwiftPackageReference "firebase-ios-sdk" */;
			productName = FirebaseMLModelDownloader;
		};
		38C618FC2FB4F0A400D2D755 /* FirebaseMessaging */ = {
			isa = XCSwiftPackageProductDependency;
			package = 38C618D52FB4F0A400D2D755 /* XCRemoteSwiftPackageReference "firebase-ios-sdk" */;
			productName = FirebaseMessaging;
		};
		38C618FE2FB4F0A400D2D755 /* FirebasePerformance */ = {
			isa = XCSwiftPackageProductDependency;
			package = 38C618D52FB4F0A400D2D755 /* XCRemoteSwiftPackageReference "firebase-ios-sdk" */;
			productName = FirebasePerformance;
		};
		38C619002FB4F0A400D2D755 /* FirebaseRemoteConfig */ = {
			isa = XCSwiftPackageProductDependency;
			package = 38C618D52FB4F0A400D2D755 /* XCRemoteSwiftPackageReference "firebase-ios-sdk" */;
			productName = FirebaseRemoteConfig;
		};
		38C619022FB4F0A400D2D755 /* FirebaseStorage */ = {
			isa = XCSwiftPackageProductDependency;
			package = 38C618D52FB4F0A400D2D755 /* XCRemoteSwiftPackageReference "firebase-ios-sdk" */;
			productName = FirebaseStorage;
		};
		38C619042FB4F0A400D2D755 /* FirebaseStorageCombine-Community */ = {
			isa = XCSwiftPackageProductDependency;
			package = 38C618D52FB4F0A400D2D755 /* XCRemoteSwiftPackageReference "firebase-ios-sdk" */;
			productName = "FirebaseStorageCombine-Community";
		};
		38C619122FB4E80000D2D755 /* RentRediUI */ = {
			isa = XCSwiftPackageProductDependency;
			package = 38C619112FB4E80000D2D755 /* XCLocalSwiftPackageReference "../RentRediUI" */;
			productName = RentRediUI;
		};
/* End XCSwiftPackageProductDependency section */
	};
	rootObject = 38C617DF2FB4E57700D2D755 /* Project object */;
}
